
Microsoft Visual Studio Solution File, Format Version 12.00
# Visual Studio Version 17
VisualStudioVersion = 17.4.33205.214
MinimumVisualStudioVersion = 10.0.40219.1
Project("{9A19103F-16F7-4668-BE54-9A1E7A4F7556}") = "API", "API\API.csproj", "{AB10DAA0-6316-4280-9706-68605EBC3E15}"
EndProject
Project("{9A19103F-16F7-4668-BE54-9A1E7A4F7556}") = "Application", "Application\Application.csproj", "{5C21E9B3-C42C-42A3-A0B5-CAEBCC47A305}"
EndProject
Project("{9A19103F-16F7-4668-BE54-9A1E7A4F7556}") = "Domain", "Domain\Domain.csproj", "{3B4E088B-9D3F-4B1D-BE2F-FE1E18970DE0}"
EndProject
Project("{9A19103F-16F7-4668-BE54-9A1E7A4F7556}") = "Persistence", "Persistence\Persistence.csproj", "{112068BE-9663-4979-B904-9E23910C2D46}"
EndProject
Project("{FAE04EC0-301F-11D3-BF4B-00C04F79EFBC}") = "BookTrackerTests", "BookTrackerTests\BookTrackerTests.csproj", "{01B2EDEC-6C54-4A9F-A626-8AB45A93B278}"
EndProject
Global
	GlobalSection(SolutionConfigurationPlatforms) = preSolution
		Debug|Any CPU = Debug|Any CPU
		Release|Any CPU = Release|Any CPU
	EndGlobalSection
	GlobalSection(ProjectConfigurationPlatforms) = postSolution
		{AB10DAA0-6316-4280-9706-68605EBC3E15}.Debug|Any CPU.ActiveCfg = Debug|Any CPU
		{AB10DAA0-6316-4280-9706-68605EBC3E15}.Debug|Any CPU.Build.0 = Debug|Any CPU
		{AB10DAA0-6316-4280-9706-68605EBC3E15}.Release|Any CPU.ActiveCfg = Release|Any CPU
		{AB10DAA0-6316-4280-9706-68605EBC3E15}.Release|Any CPU.Build.0 = Release|Any CPU
		{5C21E9B3-C42C-42A3-A0B5-CAEBCC47A305}.Debug|Any CPU.ActiveCfg = Debug|Any CPU
		{5C21E9B3-C42C-42A3-A0B5-CAEBCC47A305}.Debug|Any CPU.Build.0 = Debug|Any CPU
		{5C21E9B3-C42C-42A3-A0B5-CAEBCC47A305}.Release|Any CPU.ActiveCfg = Release|Any CPU
		{5C21E9B3-C42C-42A3-A0B5-CAEBCC47A305}.Release|Any CPU.Build.0 = Release|Any CPU
		{3B4E088B-9D3F-4B1D-BE2F-FE1E18970DE0}.Debug|Any CPU.ActiveCfg = Debug|Any CPU
		{3B4E088B-9D3F-4B1D-BE2F-FE1E18970DE0}.Debug|Any CPU.Build.0 = Debug|Any CPU
		{3B4E088B-9D3F-4B1D-BE2F-FE1E18970DE0}.Release|Any CPU.ActiveCfg = Release|Any CPU
		{3B4E088B-9D3F-4B1D-BE2F-FE1E18970DE0}.Release|Any CPU.Build.0 = Release|Any CPU
		{112068BE-9663-4979-B904-9E23910C2D46}.Debug|Any CPU.ActiveCfg = Debug|Any CPU
		{112068BE-9663-4979-B904-9E23910C2D46}.Debug|Any CPU.Build.0 = Debug|Any CPU
		{112068BE-9663-4979-B904-9E23910C2D46}.Release|Any CPU.ActiveCfg = Release|Any CPU
		{112068BE-9663-4979-B904-9E23910C2D46}.Release|Any CPU.Build.0 = Release|Any CPU
		{01B2EDEC-6C54-4A9F-A626-8AB45A93B278}.Debug|Any CPU.ActiveCfg = Debug|Any CPU
		{01B2EDEC-6C54-4A9F-A626-8AB45A93B278}.Debug|Any CPU.Build.0 = Debug|Any CPU
		{01B2EDEC-6C54-4A9F-A626-8AB45A93B278}.Release|Any CPU.ActiveCfg = Release|Any CPU
		{01B2EDEC-6C54-4A9F-A626-8AB45A93B278}.Release|Any CPU.Build.0 = Release|Any CPU
	EndGlobalSection
	GlobalSection(SolutionProperties) = preSolution
		HideSolutionNode = FALSE
	EndGlobalSection
	GlobalSection(ExtensibilityGlobals) = postSolution
		SolutionGuid = {50FFBC04-48B7-4088-B7E0-063E34D066B5}
	EndGlobalSection
EndGlobal
